
Microsoft Visual Studio Solution File, Format Version 12.00
# Visual Studio 15
VisualStudioVersion = 15.0.28307.572
MinimumVisualStudioVersion = 10.0.40219.1
Project("{FAE04EC0-301F-11D3-BF4B-00C04F79EFBC}") = "wpfBazis", "Bazis.WPF\wpfBazis.csproj", "{FE22C3A7-8455-4A1A-BE87-AF33E162EF3B}"
	ProjectSection(ProjectDependencies) = postProject
		{B8C7F81F-225C-467F-A025-AE557877E940} = {B8C7F81F-225C-467F-A025-AE557877E940}
		{37DE6958-79B5-4352-9A2F-B3A4670129A1} = {37DE6958-79B5-4352-9A2F-B3A4670129A1}
		{6EE2165C-F480-4B3E-B48A-5C00CD88AD8F} = {6EE2165C-F480-4B3E-B48A-5C00CD88AD8F}
		{FB792B7F-5A20-4DFB-AD94-977A18AFE204} = {FB792B7F-5A20-4DFB-AD94-977A18AFE204}
		{D96018DD-5698-4ECE-9392-06F5D6F189E3} = {D96018DD-5698-4ECE-9392-06F5D6F189E3}
	EndProjectSection
EndProject
Project("{2150E333-8FDC-42A3-9474-1A3956D46DE8}") = "DLL", "DLL", "{D021261E-B2C8-4DAA-9725-70817A5274F3}"
EndProject
Project("{FAE04EC0-301F-11D3-BF4B-00C04F79EFBC}") = "wpfStatic", "wpfStatic\wpfStatic.csproj", "{B8C7F81F-225C-467F-A025-AE557877E940}"
EndProject
Project("{FAE04EC0-301F-11D3-BF4B-00C04F79EFBC}") = "wpfGeneral", "wpfGeneral\wpfGeneral.csproj", "{D96018DD-5698-4ECE-9392-06F5D6F189E3}"
	ProjectSection(ProjectDependencies) = postProject
		{B8C7F81F-225C-467F-A025-AE557877E940} = {B8C7F81F-225C-467F-A025-AE557877E940}
		{60BF897E-ADF7-4A77-9131-D94A59EFE904} = {60BF897E-ADF7-4A77-9131-D94A59EFE904}
	EndProjectSection
EndProject
Project("{FAE04EC0-301F-11D3-BF4B-00C04F79EFBC}") = "wpfMVrStac", "wpfMVrStac\wpfMVrStac.csproj", "{32BE5793-A99A-4EAE-BB98-2D91B770CAC4}"
	ProjectSection(ProjectDependencies) = postProject
		{B8C7F81F-225C-467F-A025-AE557877E940} = {B8C7F81F-225C-467F-A025-AE557877E940}
		{60BF897E-ADF7-4A77-9131-D94A59EFE904} = {60BF897E-ADF7-4A77-9131-D94A59EFE904}
		{D96018DD-5698-4ECE-9392-06F5D6F189E3} = {D96018DD-5698-4ECE-9392-06F5D6F189E3}
	EndProjectSection
EndProject
Project("{FAE04EC0-301F-11D3-BF4B-00C04F79EFBC}") = "wpfMVrParacl", "wpfMVrParackl\wpfMVrParacl.csproj", "{37DE6958-79B5-4352-9A2F-B3A4670129A1}"
	ProjectSection(ProjectDependencies) = postProject
		{B8C7F81F-225C-467F-A025-AE557877E940} = {B8C7F81F-225C-467F-A025-AE557877E940}
		{60BF897E-ADF7-4A77-9131-D94A59EFE904} = {60BF897E-ADF7-4A77-9131-D94A59EFE904}
		{D96018DD-5698-4ECE-9392-06F5D6F189E3} = {D96018DD-5698-4ECE-9392-06F5D6F189E3}
	EndProjectSection
EndProject
Project("{FAE04EC0-301F-11D3-BF4B-00C04F79EFBC}") = "wpfMVrPolicl", "wpfMVrPolicl\wpfMVrPolicl.csproj", "{A584A94B-267B-47D1-87CE-C27417BD723E}"
	ProjectSection(ProjectDependencies) = postProject
		{60BF897E-ADF7-4A77-9131-D94A59EFE904} = {60BF897E-ADF7-4A77-9131-D94A59EFE904}
	EndProjectSection
EndProject
Project("{FAE04EC0-301F-11D3-BF4B-00C04F79EFBC}") = "wpfMKancReg", "wpfMKancReg\wpfMKancReg.csproj", "{7DCF41B5-5EBE-4440-99F9-77EC038CBB9C}"
	ProjectSection(ProjectDependencies) = postProject
		{60BF897E-ADF7-4A77-9131-D94A59EFE904} = {60BF897E-ADF7-4A77-9131-D94A59EFE904}
	EndProjectSection
EndProject
Project("{FAE04EC0-301F-11D3-BF4B-00C04F79EFBC}") = "wpfMViewer", "wpfMViewer\wpfMViewer.csproj", "{FB792B7F-5A20-4DFB-AD94-977A18AFE204}"
	ProjectSection(ProjectDependencies) = postProject
		{B8C7F81F-225C-467F-A025-AE557877E940} = {B8C7F81F-225C-467F-A025-AE557877E940}
		{60BF897E-ADF7-4A77-9131-D94A59EFE904} = {60BF897E-ADF7-4A77-9131-D94A59EFE904}
		{D96018DD-5698-4ECE-9392-06F5D6F189E3} = {D96018DD-5698-4ECE-9392-06F5D6F189E3}
	EndProjectSection
EndProject
Project("{FAE04EC0-301F-11D3-BF4B-00C04F79EFBC}") = "wpfMLaboratory", "wpfMLaboratory\wpfMLaboratory.csproj", "{19AF91FD-EABA-47DB-8B9C-F2DD4706C339}"
	ProjectSection(ProjectDependencies) = postProject
		{60BF897E-ADF7-4A77-9131-D94A59EFE904} = {60BF897E-ADF7-4A77-9131-D94A59EFE904}
	EndProjectSection
EndProject
Project("{FAE04EC0-301F-11D3-BF4B-00C04F79EFBC}") = "wpfResource", "wpfResource\wpfResource.csproj", "{60BF897E-ADF7-4A77-9131-D94A59EFE904}"
EndProject
Project("{FAE04EC0-301F-11D3-BF4B-00C04F79EFBC}") = "wpfMOtherLpu", "wpfMOtherLpu\wpfMOtherLpu.csproj", "{6EE2165C-F480-4B3E-B48A-5C00CD88AD8F}"
	ProjectSection(ProjectDependencies) = postProject
		{B8C7F81F-225C-467F-A025-AE557877E940} = {B8C7F81F-225C-467F-A025-AE557877E940}
		{60BF897E-ADF7-4A77-9131-D94A59EFE904} = {60BF897E-ADF7-4A77-9131-D94A59EFE904}
		{D96018DD-5698-4ECE-9392-06F5D6F189E3} = {D96018DD-5698-4ECE-9392-06F5D6F189E3}
	EndProjectSection
EndProject
Project("{FAE04EC0-301F-11D3-BF4B-00C04F79EFBC}") = "wpfReestr", "wpfReestr\wpfReestr.csproj", "{36E160BF-F2B5-4E5B-B8D1-45C39387D2C6}"
	ProjectSection(ProjectDependencies) = postProject
		{B8C7F81F-225C-467F-A025-AE557877E940} = {B8C7F81F-225C-467F-A025-AE557877E940}
		{60BF897E-ADF7-4A77-9131-D94A59EFE904} = {60BF897E-ADF7-4A77-9131-D94A59EFE904}
		{D96018DD-5698-4ECE-9392-06F5D6F189E3} = {D96018DD-5698-4ECE-9392-06F5D6F189E3}
	EndProjectSection
EndProject
Global
	GlobalSection(SolutionConfigurationPlatforms) = preSolution
		Debug|Any CPU = Debug|Any CPU
		Debug|Mixed Platforms = Debug|Mixed Platforms
		Debug|x86 = Debug|x86
		Release|Any CPU = Release|Any CPU
		Release|Mixed Platforms = Release|Mixed Platforms
		Release|x86 = Release|x86
	EndGlobalSection
	GlobalSection(ProjectConfigurationPlatforms) = postSolution
		{FE22C3A7-8455-4A1A-BE87-AF33E162EF3B}.Debug|Any CPU.ActiveCfg = Debug|x86
		{FE22C3A7-8455-4A1A-BE87-AF33E162EF3B}.Debug|Mixed Platforms.ActiveCfg = Debug|x86
		{FE22C3A7-8455-4A1A-BE87-AF33E162EF3B}.Debug|Mixed Platforms.Build.0 = Debug|x86
		{FE22C3A7-8455-4A1A-BE87-AF33E162EF3B}.Debug|x86.ActiveCfg = Debug|x86
		{FE22C3A7-8455-4A1A-BE87-AF33E162EF3B}.Debug|x86.Build.0 = Debug|x86
		{FE22C3A7-8455-4A1A-BE87-AF33E162EF3B}.Release|Any CPU.ActiveCfg = Release|x86
		{FE22C3A7-8455-4A1A-BE87-AF33E162EF3B}.Release|Mixed Platforms.ActiveCfg = Release|x86
		{FE22C3A7-8455-4A1A-BE87-AF33E162EF3B}.Release|Mixed Platforms.Build.0 = Release|x86
		{FE22C3A7-8455-4A1A-BE87-AF33E162EF3B}.Release|x86.ActiveCfg = Release|x86
		{FE22C3A7-8455-4A1A-BE87-AF33E162EF3B}.Release|x86.Build.0 = Release|x86
		{B8C7F81F-225C-467F-A025-AE557877E940}.Debug|Any CPU.ActiveCfg = Debug|Any CPU
		{B8C7F81F-225C-467F-A025-AE557877E940}.Debug|Any CPU.Build.0 = Debug|Any CPU
		{B8C7F81F-225C-467F-A025-AE557877E940}.Debug|Mixed Platforms.ActiveCfg = Debug|Any CPU
		{B8C7F81F-225C-467F-A025-AE557877E940}.Debug|Mixed Platforms.Build.0 = Debug|Any CPU
		{B8C7F81F-225C-467F-A025-AE557877E940}.Debug|x86.ActiveCfg = Debug|Any CPU
		{B8C7F81F-225C-467F-A025-AE557877E940}.Release|Any CPU.ActiveCfg = Release|Any CPU
		{B8C7F81F-225C-467F-A025-AE557877E940}.Release|Any CPU.Build.0 = Release|Any CPU
		{B8C7F81F-225C-467F-A025-AE557877E940}.Release|Mixed Platforms.ActiveCfg = Release|Any CPU
		{B8C7F81F-225C-467F-A025-AE557877E940}.Release|Mixed Platforms.Build.0 = Release|Any CPU
		{B8C7F81F-225C-467F-A025-AE557877E940}.Release|x86.ActiveCfg = Release|Any CPU
		{D96018DD-5698-4ECE-9392-06F5D6F189E3}.Debug|Any CPU.ActiveCfg = Debug|Any CPU
		{D96018DD-5698-4ECE-9392-06F5D6F189E3}.Debug|Any CPU.Build.0 = Debug|Any CPU
		{D96018DD-5698-4ECE-9392-06F5D6F189E3}.Debug|Mixed Platforms.ActiveCfg = Debug|Any CPU
		{D96018DD-5698-4ECE-9392-06F5D6F189E3}.Debug|Mixed Platforms.Build.0 = Debug|Any CPU
		{D96018DD-5698-4ECE-9392-06F5D6F189E3}.Debug|x86.ActiveCfg = Debug|Any CPU
		{D96018DD-5698-4ECE-9392-06F5D6F189E3}.Release|Any CPU.ActiveCfg = Release|Any CPU
		{D96018DD-5698-4ECE-9392-06F5D6F189E3}.Release|Any CPU.Build.0 = Release|Any CPU
		{D96018DD-5698-4ECE-9392-06F5D6F189E3}.Release|Mixed Platforms.ActiveCfg = Release|Any CPU
		{D96018DD-5698-4ECE-9392-06F5D6F189E3}.Release|Mixed Platforms.Build.0 = Release|Any CPU
		{D96018DD-5698-4ECE-9392-06F5D6F189E3}.Release|x86.ActiveCfg = Release|Any CPU
		{32BE5793-A99A-4EAE-BB98-2D91B770CAC4}.Debug|Any CPU.ActiveCfg = Debug|Any CPU
		{32BE5793-A99A-4EAE-BB98-2D91B770CAC4}.Debug|Any CPU.Build.0 = Debug|Any CPU
		{32BE5793-A99A-4EAE-BB98-2D91B770CAC4}.Debug|Mixed Platforms.ActiveCfg = Debug|Any CPU
		{32BE5793-A99A-4EAE-BB98-2D91B770CAC4}.Debug|Mixed Platforms.Build.0 = Debug|Any CPU
		{32BE5793-A99A-4EAE-BB98-2D91B770CAC4}.Debug|x86.ActiveCfg = Debug|Any CPU
		{32BE5793-A99A-4EAE-BB98-2D91B770CAC4}.Release|Any CPU.ActiveCfg = Release|Any CPU
		{32BE5793-A99A-4EAE-BB98-2D91B770CAC4}.Release|Any CPU.Build.0 = Release|Any CPU
		{32BE5793-A99A-4EAE-BB98-2D91B770CAC4}.Release|Mixed Platforms.ActiveCfg = Release|Any CPU
		{32BE5793-A99A-4EAE-BB98-2D91B770CAC4}.Release|Mixed Platforms.Build.0 = Release|Any CPU
		{32BE5793-A99A-4EAE-BB98-2D91B770CAC4}.Release|x86.ActiveCfg = Release|Any CPU
		{37DE6958-79B5-4352-9A2F-B3A4670129A1}.Debug|Any CPU.ActiveCfg = Debug|Any CPU
		{37DE6958-79B5-4352-9A2F-B3A4670129A1}.Debug|Any CPU.Build.0 = Debug|Any CPU
		{37DE6958-79B5-4352-9A2F-B3A4670129A1}.Debug|Mixed Platforms.ActiveCfg = Debug|Any CPU
		{37DE6958-79B5-4352-9A2F-B3A4670129A1}.Debug|Mixed Platforms.Build.0 = Debug|Any CPU
		{37DE6958-79B5-4352-9A2F-B3A4670129A1}.Debug|x86.ActiveCfg = Debug|Any CPU
		{37DE6958-79B5-4352-9A2F-B3A4670129A1}.Release|Any CPU.ActiveCfg = Release|Any CPU
		{37DE6958-79B5-4352-9A2F-B3A4670129A1}.Release|Any CPU.Build.0 = Release|Any CPU
		{37DE6958-79B5-4352-9A2F-B3A4670129A1}.Release|Mixed Platforms.ActiveCfg = Release|Any CPU
		{37DE6958-79B5-4352-9A2F-B3A4670129A1}.Release|Mixed Platforms.Build.0 = Release|Any CPU
		{37DE6958-79B5-4352-9A2F-B3A4670129A1}.Release|x86.ActiveCfg = Release|Any CPU
		{A584A94B-267B-47D1-87CE-C27417BD723E}.Debug|Any CPU.ActiveCfg = Debug|Any CPU
		{A584A94B-267B-47D1-87CE-C27417BD723E}.Debug|Any CPU.Build.0 = Debug|Any CPU
		{A584A94B-267B-47D1-87CE-C27417BD723E}.Debug|Mixed Platforms.ActiveCfg = Debug|Any CPU
		{A584A94B-267B-47D1-87CE-C27417BD723E}.Debug|Mixed Platforms.Build.0 = Debug|Any CPU
		{A584A94B-267B-47D1-87CE-C27417BD723E}.Debug|x86.ActiveCfg = Debug|Any CPU
		{A584A94B-267B-47D1-87CE-C27417BD723E}.Release|Any CPU.ActiveCfg = Release|Any CPU
		{A584A94B-267B-47D1-87CE-C27417BD723E}.Release|Any CPU.Build.0 = Release|Any CPU
		{A584A94B-267B-47D1-87CE-C27417BD723E}.Release|Mixed Platforms.ActiveCfg = Release|Any CPU
		{A584A94B-267B-47D1-87CE-C27417BD723E}.Release|Mixed Platforms.Build.0 = Release|Any CPU
		{A584A94B-267B-47D1-87CE-C27417BD723E}.Release|x86.ActiveCfg = Release|Any CPU
		{7DCF41B5-5EBE-4440-99F9-77EC038CBB9C}.Debug|Any CPU.ActiveCfg = Debug|Any CPU
		{7DCF41B5-5EBE-4440-99F9-77EC038CBB9C}.Debug|Any CPU.Build.0 = Debug|Any CPU
		{7DCF41B5-5EBE-4440-99F9-77EC038CBB9C}.Debug|Mixed Platforms.ActiveCfg = Debug|Any CPU
		{7DCF41B5-5EBE-4440-99F9-77EC038CBB9C}.Debug|Mixed Platforms.Build.0 = Debug|Any CPU
		{7DCF41B5-5EBE-4440-99F9-77EC038CBB9C}.Debug|x86.ActiveCfg = Debug|Any CPU
		{7DCF41B5-5EBE-4440-99F9-77EC038CBB9C}.Release|Any CPU.ActiveCfg = Release|Any CPU
		{7DCF41B5-5EBE-4440-99F9-77EC038CBB9C}.Release|Any CPU.Build.0 = Release|Any CPU
		{7DCF41B5-5EBE-4440-99F9-77EC038CBB9C}.Release|Mixed Platforms.ActiveCfg = Release|Any CPU
		{7DCF41B5-5EBE-4440-99F9-77EC038CBB9C}.Release|Mixed Platforms.Build.0 = Release|Any CPU
		{7DCF41B5-5EBE-4440-99F9-77EC038CBB9C}.Release|x86.ActiveCfg = Release|Any CPU
		{FB792B7F-5A20-4DFB-AD94-977A18AFE204}.Debug|Any CPU.ActiveCfg = Debug|Any CPU
		{FB792B7F-5A20-4DFB-AD94-977A18AFE204}.Debug|Any CPU.Build.0 = Debug|Any CPU
		{FB792B7F-5A20-4DFB-AD94-977A18AFE204}.Debug|Mixed Platforms.ActiveCfg = Debug|Any CPU
		{FB792B7F-5A20-4DFB-AD94-977A18AFE204}.Debug|Mixed Platforms.Build.0 = Debug|Any CPU
		{FB792B7F-5A20-4DFB-AD94-977A18AFE204}.Debug|x86.ActiveCfg = Debug|Any CPU
		{FB792B7F-5A20-4DFB-AD94-977A18AFE204}.Release|Any CPU.ActiveCfg = Release|Any CPU
		{FB792B7F-5A20-4DFB-AD94-977A18AFE204}.Release|Any CPU.Build.0 = Release|Any CPU
		{FB792B7F-5A20-4DFB-AD94-977A18AFE204}.Release|Mixed Platforms.ActiveCfg = Release|Any CPU
		{FB792B7F-5A20-4DFB-AD94-977A18AFE204}.Release|Mixed Platforms.Build.0 = Release|Any CPU
		{FB792B7F-5A20-4DFB-AD94-977A18AFE204}.Release|x86.ActiveCfg = Release|Any CPU
		{19AF91FD-EABA-47DB-8B9C-F2DD4706C339}.Debug|Any CPU.ActiveCfg = Debug|Any CPU
		{19AF91FD-EABA-47DB-8B9C-F2DD4706C339}.Debug|Any CPU.Build.0 = Debug|Any CPU
		{19AF91FD-EABA-47DB-8B9C-F2DD4706C339}.Debug|Mixed Platforms.ActiveCfg = Debug|Any CPU
		{19AF91FD-EABA-47DB-8B9C-F2DD4706C339}.Debug|Mixed Platforms.Build.0 = Debug|Any CPU
		{19AF91FD-EABA-47DB-8B9C-F2DD4706C339}.Debug|x86.ActiveCfg = Debug|Any CPU
		{19AF91FD-EABA-47DB-8B9C-F2DD4706C339}.Release|Any CPU.ActiveCfg = Release|Any CPU
		{19AF91FD-EABA-47DB-8B9C-F2DD4706C339}.Release|Any CPU.Build.0 = Release|Any CPU
		{19AF91FD-EABA-47DB-8B9C-F2DD4706C339}.Release|Mixed Platforms.ActiveCfg = Release|Any CPU
		{19AF91FD-EABA-47DB-8B9C-F2DD4706C339}.Release|Mixed Platforms.Build.0 = Release|Any CPU
		{19AF91FD-EABA-47DB-8B9C-F2DD4706C339}.Release|x86.ActiveCfg = Release|Any CPU
		{60BF897E-ADF7-4A77-9131-D94A59EFE904}.Debug|Any CPU.ActiveCfg = Debug|Any CPU
		{60BF897E-ADF7-4A77-9131-D94A59EFE904}.Debug|Any CPU.Build.0 = Debug|Any CPU
		{60BF897E-ADF7-4A77-9131-D94A59EFE904}.Debug|Mixed Platforms.ActiveCfg = Debug|Any CPU
		{60BF897E-ADF7-4A77-9131-D94A59EFE904}.Debug|Mixed Platforms.Build.0 = Debug|Any CPU
		{60BF897E-ADF7-4A77-9131-D94A59EFE904}.Debug|x86.ActiveCfg = Debug|Any CPU
		{60BF897E-ADF7-4A77-9131-D94A59EFE904}.Release|Any CPU.ActiveCfg = Release|Any CPU
		{60BF897E-ADF7-4A77-9131-D94A59EFE904}.Release|Any CPU.Build.0 = Release|Any CPU
		{60BF897E-ADF7-4A77-9131-D94A59EFE904}.Release|Mixed Platforms.ActiveCfg = Release|Any CPU
		{60BF897E-ADF7-4A77-9131-D94A59EFE904}.Release|Mixed Platforms.Build.0 = Release|Any CPU
		{60BF897E-ADF7-4A77-9131-D94A59EFE904}.Release|x86.ActiveCfg = Release|Any CPU
		{6EE2165C-F480-4B3E-B48A-5C00CD88AD8F}.Debug|Any CPU.ActiveCfg = Debug|Any CPU
		{6EE2165C-F480-4B3E-B48A-5C00CD88AD8F}.Debug|Any CPU.Build.0 = Debug|Any CPU
		{6EE2165C-F480-4B3E-B48A-5C00CD88AD8F}.Debug|Mixed Platforms.ActiveCfg = Debug|Any CPU
		{6EE2165C-F480-4B3E-B48A-5C00CD88AD8F}.Debug|Mixed Platforms.Build.0 = Debug|Any CPU
		{6EE2165C-F480-4B3E-B48A-5C00CD88AD8F}.Debug|x86.ActiveCfg = Debug|Any CPU
		{6EE2165C-F480-4B3E-B48A-5C00CD88AD8F}.Debug|x86.Build.0 = Debug|Any CPU
		{6EE2165C-F480-4B3E-B48A-5C00CD88AD8F}.Release|Any CPU.ActiveCfg = Release|Any CPU
		{6EE2165C-F480-4B3E-B48A-5C00CD88AD8F}.Release|Any CPU.Build.0 = Release|Any CPU
		{6EE2165C-F480-4B3E-B48A-5C00CD88AD8F}.Release|Mixed Platforms.ActiveCfg = Release|Any CPU
		{6EE2165C-F480-4B3E-B48A-5C00CD88AD8F}.Release|Mixed Platforms.Build.0 = Release|Any CPU
		{6EE2165C-F480-4B3E-B48A-5C00CD88AD8F}.Release|x86.ActiveCfg = Release|Any CPU
		{6EE2165C-F480-4B3E-B48A-5C00CD88AD8F}.Release|x86.Build.0 = Release|Any CPU
		{36E160BF-F2B5-4E5B-B8D1-45C39387D2C6}.Debug|Any CPU.ActiveCfg = Debug|x86
		{36E160BF-F2B5-4E5B-B8D1-45C39387D2C6}.Debug|Mixed Platforms.ActiveCfg = Debug|x86
		{36E160BF-F2B5-4E5B-B8D1-45C39387D2C6}.Debug|Mixed Platforms.Build.0 = Debug|x86
		{36E160BF-F2B5-4E5B-B8D1-45C39387D2C6}.Debug|x86.ActiveCfg = Debug|x86
		{36E160BF-F2B5-4E5B-B8D1-45C39387D2C6}.Debug|x86.Build.0 = Debug|x86
		{36E160BF-F2B5-4E5B-B8D1-45C39387D2C6}.Release|Any CPU.ActiveCfg = Release|x86
		{36E160BF-F2B5-4E5B-B8D1-45C39387D2C6}.Release|Mixed Platforms.ActiveCfg = Release|x86
		{36E160BF-F2B5-4E5B-B8D1-45C39387D2C6}.Release|Mixed Platforms.Build.0 = Release|x86
		{36E160BF-F2B5-4E5B-B8D1-45C39387D2C6}.Release|x86.ActiveCfg = Release|x86
		{36E160BF-F2B5-4E5B-B8D1-45C39387D2C6}.Release|x86.Build.0 = Release|x86
	EndGlobalSection
	GlobalSection(SolutionProperties) = preSolution
		HideSolutionNode = FALSE
	EndGlobalSection
	GlobalSection(NestedProjects) = preSolution
		{B8C7F81F-225C-467F-A025-AE557877E940} = {D021261E-B2C8-4DAA-9725-70817A5274F3}
		{D96018DD-5698-4ECE-9392-06F5D6F189E3} = {D021261E-B2C8-4DAA-9725-70817A5274F3}
		{32BE5793-A99A-4EAE-BB98-2D91B770CAC4} = {D021261E-B2C8-4DAA-9725-70817A5274F3}
		{37DE6958-79B5-4352-9A2F-B3A4670129A1} = {D021261E-B2C8-4DAA-9725-70817A5274F3}
		{A584A94B-267B-47D1-87CE-C27417BD723E} = {D021261E-B2C8-4DAA-9725-70817A5274F3}
		{7DCF41B5-5EBE-4440-99F9-77EC038CBB9C} = {D021261E-B2C8-4DAA-9725-70817A5274F3}
		{FB792B7F-5A20-4DFB-AD94-977A18AFE204} = {D021261E-B2C8-4DAA-9725-70817A5274F3}
		{19AF91FD-EABA-47DB-8B9C-F2DD4706C339} = {D021261E-B2C8-4DAA-9725-70817A5274F3}
		{60BF897E-ADF7-4A77-9131-D94A59EFE904} = {D021261E-B2C8-4DAA-9725-70817A5274F3}
		{6EE2165C-F480-4B3E-B48A-5C00CD88AD8F} = {D021261E-B2C8-4DAA-9725-70817A5274F3}
	EndGlobalSection
	GlobalSection(ExtensibilityGlobals) = postSolution
		SolutionGuid = {F488AF03-EDCB-4977-9E92-CAFA8645C962}
	EndGlobalSection
EndGlobal
